dependencies:
- name: postgresql
  repository: oci://registry-1.docker.io/bitnamicharts
  version: 18.11.6
- name: redis
  repository: oci://registry-1.docker.io/bitnamicharts
  version: 28.2.3
- name: tfy-sandbox-server
  repository: oci://tfy.jfrog.io/tfy-helm
  version: 0.3.4
digest: sha256:613bb4ed72be39b698c310041981799d5c99e1d030affffd3d452f406413eb5b
generated: "2026-09-22T15:00:10.253724228Z"
